
Microsoft Visual Studio Solution File, Format Version 12.00
# Visual Studio Version 17
VisualStudioVersion = 17.9.34728.123
MinimumVisualStudioVersion = 10.0.40219.1
Project("{9A19103F-16F7-4668-BE54-9A1E7A4F7556}") = "PrivateProjectAPI", "PrivateProjectAPI\PrivateProjectAPI.csproj", "{BA073AF9-58CC-4124-83F3-A4E86162968C}"
EndProject
Project("{9A19103F-16F7-4668-BE54-9A1E7A4F7556}") = "PrivateProjectServer", "PrivateProjectServer\PrivateProjectServer.csproj", "{2243435E-F57D-438F-B933-434AFA040B0E}"
EndProject
Project("{2150E333-8FDC-42A3-9474-1A3956D46DE8}") = "Cilent", "Cilent", "{27BF22DE-DE15-499A-939F-D02531B5A780}"
EndProject
Project("{2150E333-8FDC-42A3-9474-1A3956D46DE8}") = "Server", "Server", "{0EB4F936-102D-4658-A52F-07CD3938CEC9}"
EndProject
Project("{FAE04EC0-301F-11D3-BF4B-00C04F79EFBC}") = "PrivateProjectDomain", "PrivateProjectDomain\PrivateProjectDomain.csproj", "{1B8651C4-8159-42B7-936F-E9A0C871CAB8}"
EndProject
Project("{FAE04EC0-301F-11D3-BF4B-00C04F79EFBC}") = "PrivateProjectInfrastructure", "PrivateProjectInfrastructure\PrivateProjectInfrastructure.csproj", "{3EBD21D9-35F8-40E6-A366-A70EDA119248}"
EndProject
Project("{FAE04EC0-301F-11D3-BF4B-00C04F79EFBC}") = "PrivateProjectApplication", "PrivateProjectApplication\PrivateProjectApplication.csproj", "{940AACA7-EC4E-4365-8A43-D48D905090C1}"
EndProject
Global
	GlobalSection(SolutionConfigurationPlatforms) = preSolution
		Debug|Any CPU = Debug|Any CPU
		Release|Any CPU = Release|Any CPU
	EndGlobalSection
	GlobalSection(ProjectConfigurationPlatforms) = postSolution
		{BA073AF9-58CC-4124-83F3-A4E86162968C}.Debug|Any CPU.ActiveCfg = Debug|Any CPU
		{BA073AF9-58CC-4124-83F3-A4E86162968C}.Debug|Any CPU.Build.0 = Debug|Any CPU
		{BA073AF9-58CC-4124-83F3-A4E86162968C}.Release|Any CPU.ActiveCfg = Release|Any CPU
		{BA073AF9-58CC-4124-83F3-A4E86162968C}.Release|Any CPU.Build.0 = Release|Any CPU
		{2243435E-F57D-438F-B933-434AFA040B0E}.Debug|Any CPU.ActiveCfg = Debug|Any CPU
		{2243435E-F57D-438F-B933-434AFA040B0E}.Debug|Any CPU.Build.0 = Debug|Any CPU
		{2243435E-F57D-438F-B933-434AFA040B0E}.Release|Any CPU.ActiveCfg = Release|Any CPU
		{2243435E-F57D-438F-B933-434AFA040B0E}.Release|Any CPU.Build.0 = Release|Any CPU
		{1B8651C4-8159-42B7-936F-E9A0C871CAB8}.Debug|Any CPU.ActiveCfg = Debug|Any CPU
		{1B8651C4-8159-42B7-936F-E9A0C871CAB8}.Debug|Any CPU.Build.0 = Debug|Any CPU
		{1B8651C4-8159-42B7-936F-E9A0C871CAB8}.Release|Any CPU.ActiveCfg = Release|Any CPU
		{1B8651C4-8159-42B7-936F-E9A0C871CAB8}.Release|Any CPU.Build.0 = Release|Any CPU
		{3EBD21D9-35F8-40E6-A366-A70EDA119248}.Debug|Any CPU.ActiveCfg = Debug|Any CPU
		{3EBD21D9-35F8-40E6-A366-A70EDA119248}.Debug|Any CPU.Build.0 = Debug|Any CPU
		{3EBD21D9-35F8-40E6-A366-A70EDA119248}.Release|Any CPU.ActiveCfg = Release|Any CPU
		{3EBD21D9-35F8-40E6-A366-A70EDA119248}.Release|Any CPU.Build.0 = Release|Any CPU
		{940AACA7-EC4E-4365-8A43-D48D905090C1}.Debug|Any CPU.ActiveCfg = Debug|Any CPU
		{940AACA7-EC4E-4365-8A43-D48D905090C1}.Debug|Any CPU.Build.0 = Debug|Any CPU
		{940AACA7-EC4E-4365-8A43-D48D905090C1}.Release|Any CPU.ActiveCfg = Release|Any CPU
		{940AACA7-EC4E-4365-8A43-D48D905090C1}.Release|Any CPU.Build.0 = Release|Any CPU
	EndGlobalSection
	GlobalSection(SolutionProperties) = preSolution
		HideSolutionNode = FALSE
	EndGlobalSection
	GlobalSection(NestedProjects) = preSolution
		{BA073AF9-58CC-4124-83F3-A4E86162968C} = {0EB4F936-102D-4658-A52F-07CD3938CEC9}
		{2243435E-F57D-438F-B933-434AFA040B0E} = {27BF22DE-DE15-499A-939F-D02531B5A780}
		{1B8651C4-8159-42B7-936F-E9A0C871CAB8} = {0EB4F936-102D-4658-A52F-07CD3938CEC9}
		{3EBD21D9-35F8-40E6-A366-A70EDA119248} = {0EB4F936-102D-4658-A52F-07CD3938CEC9}
		{940AACA7-EC4E-4365-8A43-D48D905090C1} = {0EB4F936-102D-4658-A52F-07CD3938CEC9}
	EndGlobalSection
	GlobalSection(ExtensibilityGlobals) = postSolution
		SolutionGuid = {69B02B02-9DAE-47A9-9988-801934C759B7}
	EndGlobalSection
EndGlobal
